# This file is autogenerated, do not edit; changes may be undone by the next 'dep ensure'.


[[projects]]
  digest = "1:976b1add1b951db34d85f0e8df9b3c8583e350a83acd2082a31aa83f515b9b14"
  name = "github.com/aws/aws-sdk-go"
  packages = [
    "aws",
    "aws/awserr",
    "aws/awsutil",
    "aws/client",
    "aws/client/metadata",
    "aws/credentials",
    "aws/endpoints",
    "aws/request",
    "aws/signer/v4",
    "internal/context",
    "internal/ini",
    "internal/sdkio",
    "internal/sdkmath",
    "internal/sdkrand",
    "internal/shareddefaults",
    "internal/strings",
    "internal/sync/singleflight",
    "private/protocol",
    "private/protocol/query",
    "private/protocol/query/queryutil",
    "private/protocol/rest",
    "private/protocol/xml/xmlutil",
    "service/sqs",
  ]
  pruneopts = "UT"
  revision = "80760876d2f0fe900443900ba667b7a15ebfd055"
  version = "v1.30.24"

[[projects]]
  digest = "1:ffe9824d294da03b391f44e1ae8281281b4afc1bdaa9588c9097785e3af10cec"
  name = "github.com/davecgh/go-spew"
  packages = ["spew"]
  pruneopts = "UT"
  revision = "8991bc29aa16c548c550c7ff78260e27b9ab7c73"
  version = "v1.1.1"

[[projects]]
  branch = "master"
  digest = "1:0d1b3fa48d5c9ac2e9e96f4d86f62a710e51a8c1ee8319d441649d726f98f788"
  name = "github.com/fsantiag/track-progress"
  packages = [
    "backend/src/model",
    "backend/src/repository",
    "backend/src/service",
  ]
  pruneopts = "UT"
  revision = "c51a46d8d681f8d6e990b017045a03d2feeb3d12"

[[projects]]
  branch = "master"
  digest = "1:083c52764a6967cbb30015d6af0a1e75bd4920b3600a16e4e978c11d4f88ab35"
  name = "github.com/gocql/gocql"
  packages = [
    ".",
    "internal/lru",
    "internal/murmur",
    "internal/streams",
  ]
  pruneopts = "UT"
  revision = "effcbd8bcf0e8cf6d37d45b1110ae5a2ff65904a"

[[projects]]
  digest = "1:e4f5819333ac698d294fe04dbf640f84719658d5c7ce195b10060cc37292ce79"
  name = "github.com/golang/snappy"
  packages = ["."]
  pruneopts = "UT"
  revision = "2a8bb927dd31d8daada140a5d09578521ce5c36a"
  version = "v0.0.1"

[[projects]]
  branch = "master"
  digest = "1:364b908b9b27b97ab838f2f6f1b1f46281fa29b978a037d72a9b1d4f6d940190"
  name = "github.com/hailocab/go-hostpool"
  packages = ["."]
  pruneopts = "UT"
  revision = "e80d13ce29ede4452c43dea11e79b9bc8a15b478"

[[projects]]
  digest = "1:bb81097a5b62634f3e9fec1014657855610c82d19b9a40c17612e32651e35dca"
  name = "github.com/jmespath/go-jmespath"
  packages = ["."]
  pruneopts = "UT"
  revision = "c2b33e84"

[[projects]]
  digest = "1:09cb61dc19af93deae01587e2fdb1c081e0bf48f1a5ad5fa24f48750dc57dce8"
  name = "github.com/konsorten/go-windows-terminal-sequences"
  packages = ["."]
  pruneopts = "UT"
  revision = "edb144dfd453055e1e49a3d8b410a660b5a87613"
  version = "v1.0.3"

[[projects]]
  digest = "1:0028cb19b2e4c3112225cd871870f2d9cf49b9b4276531f03438a88e94be86fe"
  name = "github.com/pmezard/go-difflib"
  packages = ["difflib"]
  pruneopts = "UT"
  revision = "792786c7400a136282c1664665ae0a8db921c6c2"
  version = "v1.0.0"

[[projects]]
  digest = "1:05eebdd5727fea23083fce0d98d307d70c86baed644178e81608aaa9f09ea469"
  name = "github.com/sirupsen/logrus"
  packages = ["."]
  pruneopts = "UT"
  revision = "60c74ad9be0d874af0ab0daef6ab07c5c5911f0d"
  version = "v1.6.0"

[[projects]]
  digest = "1:23472f69a3ee7225de2f104aa48c6456959d1c155e45035c9845806d83109190"
  name = "github.com/stretchr/objx"
  packages = ["."]
  pruneopts = "UT"
  revision = "ea4fe68685ee0d3cee7032121851b57e7494e8ea"
  version = "v0.2.0"

[[projects]]
  digest = "1:d43ea99f6c448b0660a10e93a259ed2988893d2ffa4eb4684014bf4fc4b64e04"
  name = "github.com/stretchr/testify"
  packages = [
    "assert",
    "mock",
  ]
  pruneopts = "UT"
  revision = "3ebf1ddaeb260c4b1ae502a01c7844fa8c1fa0e9"
  version = "v1.5.1"

[[projects]]
  branch = "master"
  digest = "1:8cab10971112233c82c83683a517378038eba1c20e71b29c592b73fa212437b3"
  name = "golang.org/x/sys"
  packages = [
    "internal/unsafeheader",
    "unix",
  ]
  pruneopts = "UT"
  revision = "bc7a7d42d5c30f4d0fe808715c002826ce2c624e"

[[projects]]
  digest = "1:2d1fbdc6777e5408cabeb02bf336305e724b925ff4546ded0fa8715a7267922a"
  name = "gopkg.in/inf.v0"
  packages = ["."]
  pruneopts = "UT"
  revision = "d2d2541c53f18d2a059457998ce2876cc8e67cbf"
  version = "v0.9.1"

[[projects]]
  digest = "1:55b110c99c5fdc4f14930747326acce56b52cfce60b24b1c03ef686ac0e46bb1"
  name = "gopkg.in/yaml.v2"
  packages = ["."]
  pruneopts = "UT"
  revision = "53403b58ad1b561927d19068c655246f2db79d48"
  version = "v2.2.8"

[solve-meta]
  analyzer-name = "dep"
  analyzer-version = 1
  input-imports = [
    "github.com/fsantiag/track-progress/backend/src/service",
    "github.com/gocql/gocql",
    "github.com/stretchr/testify/assert",
    "github.com/stretchr/testify/mock",
  ]
  solver-name = "gps-cdcl"
  solver-version = 1
